
Microsoft Visual Studio Solution File, Format Version 12.00
# Visual Studio Version 16
VisualStudioVersion = 16.0.30011.22
MinimumVisualStudioVersion = 10.0.40219.1
Project("{FAE04EC0-301F-11D3-BF4B-00C04F79EFBC}") = "Warehouse.Web", "Warehouse.Web\Warehouse.Web.csproj", "{9B35073E-CA14-42CE-8575-5C3C3814167F}"
EndProject
Global
	GlobalSection(SolutionConfigurationPlatforms) = preSolution
		Debug|Any CPU = Debug|Any CPU
		Release|Any CPU = Release|Any CPU
	EndGlobalSection
	GlobalSection(ProjectConfigurationPlatforms) = postSolution
		{9B35073E-CA14-42CE-8575-5C3C3814167F}.Debug|Any CPU.ActiveCfg = Debug|Any CPU
		{9B35073E-CA14-42CE-8575-5C3C3814167F}.Debug|Any CPU.Build.0 = Debug|Any CPU
		{9B35073E-CA14-42CE-8575-5C3C3814167F}.Release|Any CPU.ActiveCfg = Release|Any CPU
		{9B35073E-CA14-42CE-8575-5C3C3814167F}.Release|Any CPU.Build.0 = Release|Any CPU
	EndGlobalSection
	GlobalSection(SolutionProperties) = preSolution
		HideSolutionNode = FALSE
	EndGlobalSection
	GlobalSection(ExtensibilityGlobals) = postSolution
		SolutionGuid = {8FDEE930-BCE8-48CC-8ED0-402B8D36F77A}
	EndGlobalSection
EndGlobal
